
Microsoft Visual Studio Solution File, Format Version 12.00
# Visual Studio Version 16
VisualStudioVersion = 16.0.30330.147
MinimumVisualStudioVersion = 10.0.40219.1
Project("{FAE04EC0-301F-11D3-BF4B-00C04F79EFBC}") = "UserInterfaceZoo", "UserInterfaceZoo\UserInterfaceZoo.csproj", "{F004862A-D576-481F-A1C3-ACD7C4DCBB7C}"
EndProject
Global
	GlobalSection(SolutionConfigurationPlatforms) = preSolution
		Debug|Any CPU = Debug|Any CPU
		Release|Any CPU = Release|Any CPU
	EndGlobalSection
	GlobalSection(ProjectConfigurationPlatforms) = postSolution
		{F004862A-D576-481F-A1C3-ACD7C4DCBB7C}.Debug|Any CPU.ActiveCfg = Debug|Any CPU
		{F004862A-D576-481F-A1C3-ACD7C4DCBB7C}.Debug|Any CPU.Build.0 = Debug|Any CPU
		{F004862A-D576-481F-A1C3-ACD7C4DCBB7C}.Release|Any CPU.ActiveCfg = Release|Any CPU
		{F004862A-D576-481F-A1C3-ACD7C4DCBB7C}.Release|Any CPU.Build.0 = Release|Any CPU
	EndGlobalSection
	GlobalSection(SolutionProperties) = preSolution
		HideSolutionNode = FALSE
	EndGlobalSection
	GlobalSection(ExtensibilityGlobals) = postSolution
		SolutionGuid = {26FC8A46-ECF7-49E9-87D1-927BB7320167}
	EndGlobalSection
EndGlobal
